
Microsoft Visual Studio Solution File, Format Version 12.00
# Visual Studio Version 17
VisualStudioVersion = 17.5.002.0
MinimumVisualStudioVersion = 10.0.40219.1
Project("{9A19103F-16F7-4668-BE54-9A1E7A4F7556}") = "Task1.1", "Task1.1.csproj", "{C79EAE16-46EC-4342-AD80-26B42E9AA43F}"
EndProject
Global
	GlobalSection(SolutionConfigurationPlatforms) = preSolution
		Debug|Any CPU = Debug|Any CPU
		Release|Any CPU = Release|Any CPU
	EndGlobalSection
	GlobalSection(ProjectConfigurationPlatforms) = postSolution
		{C79EAE16-46EC-4342-AD80-26B42E9AA43F}.Debug|Any CPU.ActiveCfg = Debug|Any CPU
		{C79EAE16-46EC-4342-AD80-26B42E9AA43F}.Debug|Any CPU.Build.0 = Debug|Any CPU
		{C79EAE16-46EC-4342-AD80-26B42E9AA43F}.Release|Any CPU.ActiveCfg = Release|Any CPU
		{C79EAE16-46EC-4342-AD80-26B42E9AA43F}.Release|Any CPU.Build.0 = Release|Any CPU
	EndGlobalSection
	GlobalSection(SolutionProperties) = preSolution
		HideSolutionNode = FALSE
	EndGlobalSection
	GlobalSection(ExtensibilityGlobals) = postSolution
		SolutionGuid = {E8B14EFF-D8D3-4808-8197-FC6C2524BC4D}
	EndGlobalSection
EndGlobal
